Microsoft Visual Studio Solution File, Format Version 12.00
# Visual Studio Version 17
VisualStudioVersion = 17.5.2.0
MinimumVisualStudioVersion = 10.0.40219.1
Project("{FAE04EC0-301F-11D3-BF4B-00C04F79EFBC}") = "text_editor", "text_editor.csproj", "{81909A57-C681-67A7-66B7-BD01AF37D925}"
EndProject
Global
	GlobalSection(SolutionConfigurationPlatforms) = preSolution
		Debug|Any CPU = Debug|Any CPU
		Release|Any CPU = Release|Any CPU
	EndGlobalSection
	GlobalSection(ProjectConfigurationPlatforms) = postSolution
		{81909A57-C681-67A7-66B7-BD01AF37D925}.Debug|Any CPU.ActiveCfg = Debug|Any CPU
		{81909A57-C681-67A7-66B7-BD01AF37D925}.Debug|Any CPU.Build.0 = Debug|Any CPU
		{81909A57-C681-67A7-66B7-BD01AF37D925}.Release|Any CPU.ActiveCfg = Release|Any CPU
		{81909A57-C681-67A7-66B7-BD01AF37D925}.Release|Any CPU.Build.0 = Release|Any CPU
	EndGlobalSection
	GlobalSection(SolutionProperties) = preSolution
		HideSolutionNode = FALSE
	EndGlobalSection
	GlobalSection(ExtensibilityGlobals) = postSolution
		SolutionGuid = {1ABDB09E-A47D-4D57-8FE3-EF258FA9E1B0}
	EndGlobalSection
EndGlobal
